// !$*UTF8*$!
{
	archiveVersion = 1;
	classes = {
	};
	objectVersion = 46;
	objects = {

/* Begin PBXBuildFile section */
		3538692D1D9164F700CDFAA0 /* YYTextContainerView.m in Sources */ = {isa = PBXBuildFile; fileRef = 353868FB1D9164F700CDFAA0 /* YYTextContainerView.m */; };
		3538692E1D9164F700CDFAA0 /* YYTextDebugOption.m in Sources */ = {isa = PBXBuildFile; fileRef = 353868FD1D9164F700CDFAA0 /* YYTextDebugOption.m */; };
		3538692F1D9164F700CDFAA0 /* YYTextEffectWindow.m in Sources */ = {isa = PBXBuildFile; fileRef = 353868FF1D9164F700CDFAA0 /* YYTextEffectWindow.m */; };
		353869301D9164F700CDFAA0 /* YYTextInput.m in Sources */ = {isa = PBXBuildFile; fileRef = 353869011D9164F700CDFAA0 /* YYTextInput.m */; };
		353869311D9164F700CDFAA0 /* YYTextKeyboardManager.m in Sources */ = {isa = PBXBuildFile; fileRef = 353869031D9164F700CDFAA0 /* YYTextKeyboardManager.m */; };
		353869321D9164F700CDFAA0 /* YYTextLayout.m in Sources */ = {isa = PBXBuildFile; fileRef = 353869051D9164F700CDFAA0 /* YYTextLayout.m */; };
		353869331D9164F700CDFAA0 /* YYTextLine.m in Sources */ = {isa = PBXBuildFile; fileRef = 353869071D9164F700CDFAA0 /* YYTextLine.m */; };
		353869341D9164F700CDFAA0 /* YYTextMagnifier.m in Sources */ = {isa = PBXBuildFile; fileRef = 353869091D9164F700CDFAA0 /* YYTextMagnifier.m */; };
		353869351D9164F700CDFAA0 /* YYTextSelectionView.m in Sources */ = {isa = PBXBuildFile; fileRef = 3538690B1D9164F700CDFAA0 /* YYTextSelectionView.m */; };
		353869361D9164F700CDFAA0 /* YYTextArchiver.m in Sources */ = {isa = PBXBuildFile; fileRef = 3538690E1D9164F700CDFAA0 /* YYTextArchiver.m */; };
		353869371D9164F700CDFAA0 /* YYTextAttribute.m in Sources */ = {isa = PBXBuildFile; fileRef = 353869101D9164F700CDFAA0 /* YYTextAttribute.m */; };
		353869381D9164F700CDFAA0 /* YYTextParser.m in Sources */ = {isa = PBXBuildFile; fileRef = 353869121D9164F700CDFAA0 /* YYTextParser.m */; };
		353869391D9164F700CDFAA0 /* YYTextRubyAnnotation.m in Sources */ = {isa = PBXBuildFile; fileRef = 353869141D9164F700CDFAA0 /* YYTextRubyAnnotation.m */; };
		3538693A1D9164F700CDFAA0 /* YYTextRunDelegate.m in Sources */ = {isa = PBXBuildFile; fileRef = 353869161D9164F700CDFAA0 /* YYTextRunDelegate.m */; };
		3538693B1D9164F700CDFAA0 /* NSAttributedString+YYText.m in Sources */ = {isa = PBXBuildFile; fileRef = 353869191D9164F700CDFAA0 /* NSAttributedString+YYText.m */; };
		3538693C1D9164F700CDFAA0 /* NSParagraphStyle+YYText.m in Sources */ = {isa = PBXBuildFile; fileRef = 3538691B1D9164F700CDFAA0 /* NSParagraphStyle+YYText.m */; };
		3538693D1D9164F700CDFAA0 /* UIPasteboard+YYText.m in Sources */ = {isa = PBXBuildFile; fileRef = 3538691D1D9164F700CDFAA0 /* UIPasteboard+YYText.m */; };
		3538693E1D9164F700CDFAA0 /* UIView+YYText.m in Sources */ = {isa = PBXBuildFile; fileRef = 3538691F1D9164F700CDFAA0 /* UIView+YYText.m */; };
		3538693F1D9164F700CDFAA0 /* YYTextAsyncLayer.m in Sources */ = {isa = PBXBuildFile; fileRef = 353869211D9164F700CDFAA0 /* YYTextAsyncLayer.m */; };
		353869401D9164F700CDFAA0 /* YYTextTransaction.m in Sources */ = {isa = PBXBuildFile; fileRef = 353869231D9164F700CDFAA0 /* YYTextTransaction.m */; };
		353869411D9164F700CDFAA0 /* YYTextUtilities.m in Sources */ = {isa = PBXBuildFile; fileRef = 353869251D9164F700CDFAA0 /* YYTextUtilities.m */; };
		353869421D9164F700CDFAA0 /* YYTextWeakProxy.m in Sources */ = {isa = PBXBuildFile; fileRef = 353869271D9164F700CDFAA0 /* YYTextWeakProxy.m */; };
		3538694A1D9166BD00CDFAA0 /* XLsn0wText.podspec in Resources */ = {isa = PBXBuildFile; fileRef = 353869491D9166BD00CDFAA0 /* XLsn0wText.podspec */; };
		353869511D9169A000CDFAA0 /* XLsn0wText.m in Sources */ = {isa = PBXBuildFile; fileRef = 3538694D1D9169A000CDFAA0 /* XLsn0wText.m */; };
		353869521D9169A000CDFAA0 /* XLsn0wLabel.m in Sources */ = {isa = PBXBuildFile; fileRef = 353869501D9169A000CDFAA0 /* XLsn0wLabel.m */; };
		353869551D9173DD00CDFAA0 /* UIKit.framework in Frameworks */ = {isa = PBXBuildFile; fileRef = 353869541D9173DD00CDFAA0 /* UIKit.framework */; };
		353869571D9173E400CDFAA0 /* CoreFoundation.framework in Frameworks */ = {isa = PBXBuildFile; fileRef = 353869561D9173E400CDFAA0 /* CoreFoundation.framework */; };
		353869591D9173EB00CDFAA0 /* CoreText.framework in Frameworks */ = {isa = PBXBuildFile; fileRef = 353869581D9173EB00CDFAA0 /* CoreText.framework */; };
		3538695B1D9173FB00CDFAA0 /* QuartzCore.framework in Frameworks */ = {isa = PBXBuildFile; fileRef = 3538695A1D9173FB00CDFAA0 /* QuartzCore.framework */; };
		3538695D1D91740200CDFAA0 /* Accelerate.framework in Frameworks */ = {isa = PBXBuildFile; fileRef = 3538695C1D91740200CDFAA0 /* Accelerate.framework */; };
		3538695F1D91741200CDFAA0 /* MobileCoreServices.framework in Frameworks */ = {isa = PBXBuildFile; fileRef = 3538695E1D91741200CDFAA0 /* MobileCoreServices.framework */; };
		359437CB1D9163AC00D9289F /* main.m in Sources */ = {isa = PBXBuildFile; fileRef = 359437CA1D9163AC00D9289F /* main.m */; };
		359437CE1D9163AC00D9289F /* AppDelegate.m in Sources */ = {isa = PBXBuildFile; fileRef = 359437CD1D9163AC00D9289F /* AppDelegate.m */; };
		359437D11D9163AC00D9289F /* ViewController.m in Sources */ = {isa = PBXBuildFile; fileRef = 359437D01D9163AC00D9289F /* ViewController.m */; };
		359437D41D9163AC00D9289F /* Main.storyboard in Resources */ = {isa = PBXBuildFile; fileRef = 359437D21D9163AC00D9289F /* Main.storyboard */; };
		359437D61D9163AC00D9289F /* Assets.xcassets in Resources */ = {isa = PBXBuildFile; fileRef = 359437D51D9163AC00D9289F /* Assets.xcassets */; };
		359437D91D9163AC00D9289F /* LaunchScreen.storyboard in Resources */ = {isa = PBXBuildFile; fileRef = 359437D71D9163AC00D9289F /* LaunchScreen.storyboard */; };
/* End PBXBuildFile section */

/* Begin PBXFileReference section */
		353868FA1D9164F700CDFAA0 /* YYTextContainerView.h */ = {isa = PBXFileReference; fileEncoding = 4; lastKnownFileType = sourcecode.c.h; path = YYTextContainerView.h; sourceTree = "<group>"; };
		353868FB1D9164F700CDFAA0 /* YYTextContainerView.m */ = {isa = PBXFileReference; fileEncoding = 4; lastKnownFileType = sourcecode.c.objc; path = YYTextContainerView.m; sourceTree = "<group>"; };
		353868FC1D9164F700CDFAA0 /* YYTextDebugOption.h */ = {isa = PBXFileReference; fileEncoding = 4; lastKnownFileType = sourcecode.c.h; path = YYTextDebugOption.h; sourceTree = "<group>"; };
		353868FD1D9164F700CDFAA0 /* YYTextDebugOption.m */ = {isa = PBXFileReference; fileEncoding = 4; lastKnownFileType = sourcecode.c.objc; path = YYTextDebugOption.m; sourceTree = "<group>"; };
		353868FE1D9164F700CDFAA0 /* YYTextEffectWindow.h */ = {isa = PBXFileReference; fileEncoding = 4; lastKnownFileType = sourcecode.c.h; path = YYTextEffectWindow.h; sourceTree = "<group>"; };
		353868FF1D9164F700CDFAA0 /* YYTextEffectWindow.m */ = {isa = PBXFileReference; fileEncoding = 4; lastKnownFileType = sourcecode.c.objc; path = YYTextEffectWindow.m; sourceTree = "<group>"; };
		353869001D9164F700CDFAA0 /* YYTextInput.h */ = {isa = PBXFileReference; fileEncoding = 4; lastKnownFileType = sourcecode.c.h; path = YYTextInput.h; sourceTree = "<group>"; };
		353869011D9164F700CDFAA0 /* YYTextInput.m */ = {isa = PBXFileReference; fileEncoding = 4; lastKnownFileType = sourcecode.c.objc; path = YYTextInput.m; sourceTree = "<group>"; };
		353869021D9164F700CDFAA0 /* YYTextKeyboardManager.h */ = {isa = PBXFileReference; fileEncoding = 4; lastKnownFileType = sourcecode.c.h; path = YYTextKeyboardManager.h; sourceTree = "<group>"; };
		353869031D9164F700CDFAA0 /* YYTextKeyboardManager.m */ = {isa = PBXFileReference; fileEncoding = 4; lastKnownFileType = sourcecode.c.objc; path = YYTextKeyboardManager.m; sourceTree = "<group>"; };
		353869041D9164F700CDFAA0 /* YYTextLayout.h */ = {isa = PBXFileReference; fileEncoding = 4; lastKnownFileType = sourcecode.c.h; path = YYTextLayout.h; sourceTree = "<group>"; };
		353869051D9164F700CDFAA0 /* YYTextLayout.m */ = {isa = PBXFileReference; fileEncoding = 4; lastKnownFileType = sourcecode.c.objc; path = YYTextLayout.m; sourceTree = "<group>"; };
		353869061D9164F700CDFAA0 /* YYTextLine.h */ = {isa = PBXFileReference; fileEncoding = 4; lastKnownFileType = sourcecode.c.h; path = YYTextLine.h; sourceTree = "<group>"; };
		353869071D9164F700CDFAA0 /* YYTextLine.m */ = {isa = PBXFileReference; fileEncoding = 4; lastKnownFileType = sourcecode.c.objc; path = YYTextLine.m; sourceTree = "<group>"; };
		353869081D9164F700CDFAA0 /* YYTextMagnifier.h */ = {isa = PBXFileReference; fileEncoding = 4; lastKnownFileType = sourcecode.c.h; path = YYTextMagnifier.h; sourceTree = "<group>"; };
		353869091D9164F700CDFAA0 /* YYTextMagnifier.m */ = {isa = PBXFileReference; fileEncoding = 4; lastKnownFileType = sourcecode.c.objc; path = YYTextMagnifier.m; sourceTree = "<group>"; };
		3538690A1D9164F700CDFAA0 /* YYTextSelectionView.h */ = {isa = PBXFileReference; fileEncoding = 4; lastKnownFileType = sourcecode.c.h; path = YYTextSelectionView.h; sourceTree = "<group>"; };
		3538690B1D9164F700CDFAA0 /* YYTextSelectionView.m */ = {isa = PBXFileReference; fileEncoding = 4; lastKnownFileType = sourcecode.c.objc; path = YYTextSelectionView.m; sourceTree = "<group>"; };
		3538690D1D9164F700CDFAA0 /* YYTextArchiver.h */ = {isa = PBXFileReference; fileEncoding = 4; lastKnownFileType = sourcecode.c.h; path = YYTextArchiver.h; sourceTree = "<group>"; };
		3538690E1D9164F700CDFAA0 /* YYTextArchiver.m */ = {isa = PBXFileReference; fileEncoding = 4; lastKnownFileType = sourcecode.c.objc; path = YYTextArchiver.m; sourceTree = "<group>"; };
		3538690F1D9164F700CDFAA0 /* YYTextAttribute.h */ = {isa = PBXFileReference; fileEncoding = 4; lastKnownFileType = sourcecode.c.h; path = YYTextAttribute.h; sourceTree = "<group>"; };
		353869101D9164F700CDFAA0 /* YYTextAttribute.m */ = {isa = PBXFileReference; fileEncoding = 4; lastKnownFileType = sourcecode.c.objc; path = YYTextAttribute.m; sourceTree = "<group>"; };
		353869111D9164F700CDFAA0 /* YYTextParser.h */ = {isa = PBXFileReference; fileEncoding = 4; lastKnownFileType = sourcecode.c.h; path = YYTextParser.h; sourceTree = "<group>"; };
		353869121D9164F700CDFAA0 /* YYTextParser.m */ = {isa = PBXFileReference; fileEncoding = 4; lastKnownFileType = sourcecode.c.objc; path = YYTextParser.m; sourceTree = "<group>"; };
		353869131D9164F700CDFAA0 /* YYTextRubyAnnotation.h */ = {isa = PBXFileReference; fileEncoding = 4; lastKnownFileType = sourcecode.c.h; path = YYTextRubyAnnotation.h; sourceTree = "<group>"; };
		353869141D9164F700CDFAA0 /* YYTextRubyAnnotation.m */ = {isa = PBXFileReference; fileEncoding = 4; lastKnownFileType = sourcecode.c.objc; path = YYTextRubyAnnotation.m; sourceTree = "<group>"; };
		353869151D9164F700CDFAA0 /* YYTextRunDelegate.h */ = {isa = PBXFileReference; fileEncoding = 4; lastKnownFileType = sourcecode.c.h; path = YYTextRunDelegate.h; sourceTree = "<group>"; };
		353869161D9164F700CDFAA0 /* YYTextRunDelegate.m */ = {isa = PBXFileReference; fileEncoding = 4; lastKnownFileType = sourcecode.c.objc; path = YYTextRunDelegate.m; sourceTree = "<group>"; };
		353869181D9164F700CDFAA0 /* NSAttributedString+YYText.h */ = {isa = PBXFileReference; fileEncoding = 4; lastKnownFileType = sourcecode.c.h; path = "NSAttributedString+YYText.h"; sourceTree = "<group>"; };
		353869191D9164F700CDFAA0 /* NSAttributedString+YYText.m */ = {isa = PBXFileReference; fileEncoding = 4; lastKnownFileType = sourcecode.c.objc; path = "NSAttributedString+YYText.m"; sourceTree = "<group>"; };
		3538691A1D9164F700CDFAA0 /* NSParagraphStyle+YYText.h */ = {isa = PBXFileReference; fileEncoding = 4; lastKnownFileType = sourcecode.c.h; path = "NSParagraphStyle+YYText.h"; sourceTree = "<group>"; };
		3538691B1D9164F700CDFAA0 /* NSParagraphStyle+YYText.m */ = {isa = PBXFileReference; fileEncoding = 4; lastKnownFileType = sourcecode.c.objc; path = "NSParagraphStyle+YYText.m"; sourceTree = "<group>"; };
		3538691C1D9164F700CDFAA0 /* UIPasteboard+YYText.h */ = {isa = PBXFileReference; fileEncoding = 4; lastKnownFileType = sourcecode.c.h; path = "UIPasteboard+YYText.h"; sourceTree = "<group>"; };
		3538691D1D9164F700CDFAA0 /* UIPasteboard+YYText.m */ = {isa = PBXFileReference; fileEncoding = 4; lastKnownFileType = sourcecode.c.objc; path = "UIPasteboard+YYText.m"; sourceTree = "<group>"; };
		3538691E1D9164F700CDFAA0 /* UIView+YYText.h */ = {isa = PBXFileReference; fileEncoding = 4; lastKnownFileType = sourcecode.c.h; path = "UIView+YYText.h"; sourceTree = "<group>"; };
		3538691F1D9164F700CDFAA0 /* UIView+YYText.m */ = {isa = PBXFileReference; fileEncoding = 4; lastKnownFileType = sourcecode.c.objc; path = "UIView+YYText.m"; sourceTree = "<group>"; };
		353869201D9164F700CDFAA0 /* YYTextAsyncLayer.h */ = {isa = PBXFileReference; fileEncoding = 4; lastKnownFileType = sourcecode.c.h; path = YYTextAsyncLayer.h; sourceTree = "<group>"; };
		353869211D9164F700CDFAA0 /* YYTextAsyncLayer.m */ = {isa = PBXFileReference; fileEncoding = 4; lastKnownFileType = sourcecode.c.objc; path = YYTextAsyncLayer.m; sourceTree = "<group>"; };
		353869221D9164F700CDFAA0 /* YYTextTransaction.h */ = {isa = PBXFileReference; fileEncoding = 4; lastKnownFileType = sourcecode.c.h; path = YYTextTransaction.h; sourceTree = "<group>"; };
		353869231D9164F700CDFAA0 /* YYTextTransaction.m */ = {isa = PBXFileReference; fileEncoding = 4; lastKnownFileType = sourcecode.c.objc; path = YYTextTransaction.m; sourceTree = "<group>"; };
		353869241D9164F700CDFAA0 /* YYTextUtilities.h */ = {isa = PBXFileReference; fileEncoding = 4; lastKnownFileType = sourcecode.c.h; path = YYTextUtilities.h; sourceTree = "<group>"; };
		353869251D9164F700CDFAA0 /* YYTextUtilities.m */ = {isa = PBXFileReference; fileEncoding = 4; lastKnownFileType = sourcecode.c.objc; path = YYTextUtilities.m; sourceTree = "<group>"; };
		353869261D9164F700CDFAA0 /* YYTextWeakProxy.h */ = {isa = PBXFileReference; fileEncoding = 4; lastKnownFileType = sourcecode.c.h; path = YYTextWeakProxy.h; sourceTree = "<group>"; };
		353869271D9164F700CDFAA0 /* YYTextWeakProxy.m */ = {isa = PBXFileReference; fileEncoding = 4; lastKnownFileType = sourcecode.c.objc; path = YYTextWeakProxy.m; sourceTree = "<group>"; };
		3538692A1D9164F700CDFAA0 /* XLsn0wTextKit.h */ = {isa = PBXFileReference; fileEncoding = 4; lastKnownFileType = sourcecode.c.h; path = XLsn0wTextKit.h; sourceTree = "<group>"; };
		353869491D9166BD00CDFAA0 /* XLsn0wText.podspec */ = {isa = PBXFileReference; fileEncoding = 4; lastKnownFileType = text; path = XLsn0wText.podspec; sourceTree = "<group>"; };
		3538694C1D9169A000CDFAA0 /* XLsn0wText.h */ = {isa = PBXFileReference; fileEncoding = 4; lastKnownFileType = sourcecode.c.h; path = XLsn0wText.h; sourceTree = "<group>"; };
		3538694D1D9169A000CDFAA0 /* XLsn0wText.m */ = {isa = PBXFileReference; fileEncoding = 4; lastKnownFileType = sourcecode.c.objc; path = XLsn0wText.m; sourceTree = "<group>"; };
		3538694F1D9169A000CDFAA0 /* XLsn0wLabel.h */ = {isa = PBXFileReference; fileEncoding = 4; lastKnownFileType = sourcecode.c.h; path = XLsn0wLabel.h; sourceTree = "<group>"; };
		353869501D9169A000CDFAA0 /* XLsn0wLabel.m */ = {isa = PBXFileReference; fileEncoding = 4; lastKnownFileType = sourcecode.c.objc; path = XLsn0wLabel.m; sourceTree = "<group>"; };
		353869541D9173DD00CDFAA0 /* UIKit.framework */ = {isa = PBXFileReference; lastKnownFileType = wrapper.framework; name = UIKit.framework; path = System/Library/Frameworks/UIKit.framework; sourceTree = SDKROOT; };
		353869561D9173E400CDFAA0 /* CoreFoundation.framework */ = {isa = PBXFileReference; lastKnownFileType = wrapper.framework; name = CoreFoundation.framework; path = System/Library/Frameworks/CoreFoundation.framework; sourceTree = SDKROOT; };
		353869581D9173EB00CDFAA0 /* CoreText.framework */ = {isa = PBXFileReference; lastKnownFileType = wrapper.framework; name = CoreText.framework; path = System/Library/Frameworks/CoreText.framework; sourceTree = SDKROOT; };
		3538695A1D9173FB00CDFAA0 /* QuartzCore.framework */ = {isa = PBXFileReference; lastKnownFileType = wrapper.framework; name = QuartzCore.framework; path = System/Library/Frameworks/QuartzCore.framework; sourceTree = SDKROOT; };
		3538695C1D91740200CDFAA0 /* Accelerate.framework */ = {isa = PBXFileReference; lastKnownFileType = wrapper.framework; name = Accelerate.framework; path = System/Library/Frameworks/Accelerate.framework; sourceTree = SDKROOT; };
		3538695E1D91741200CDFAA0 /* MobileCoreServices.framework */ = {isa = PBXFileReference; lastKnownFileType = wrapper.framework; name = MobileCoreServices.framework; path = System/Library/Frameworks/MobileCoreServices.framework; sourceTree = SDKROOT; };
		359437C61D9163AC00D9289F /* XLsn0wText.app */ = {isa = PBXFileReference; explicitFileType = wrapper.application; includeInIndex = 0; path = XLsn0wText.app; sourceTree = BUILT_PRODUCTS_DIR; };
		359437CA1D9163AC00D9289F /* main.m */ = {isa = PBXFileReference; lastKnownFileType = sourcecode.c.objc; path = main.m; sourceTree = "<group>"; };
		359437CC1D9163AC00D9289F /* AppDelegate.h */ = {isa = PBXFileReference; lastKnownFileType = sourcecode.c.h; path = AppDelegate.h; sourceTree = "<group>"; };
		359437CD1D9163AC00D9289F /* AppDelegate.m */ = {isa = PBXFileReference; lastKnownFileType = sourcecode.c.objc; path = AppDelegate.m; sourceTree = "<group>"; };
		359437CF1D9163AC00D9289F /* ViewController.h */ = {isa = PBXFileReference; lastKnownFileType = sourcecode.c.h; path = ViewController.h; sourceTree = "<group>"; };
		359437D01D9163AC00D9289F /* ViewController.m */ = {isa = PBXFileReference; lastKnownFileType = sourcecode.c.objc; path = ViewController.m; sourceTree = "<group>"; };
		359437D31D9163AC00D9289F /* Base */ = {isa = PBXFileReference; lastKnownFileType = file.storyboard; name = Base; path = Base.lproj/Main.storyboard; sourceTree = "<group>"; };
		359437D51D9163AC00D9289F /* Assets.xcassets */ = {isa = PBXFileReference; lastKnownFileType = folder.assetcatalog; path = Assets.xcassets; sourceTree = "<group>"; };
		359437D81D9163AC00D9289F /* Base */ = {isa = PBXFileReference; lastKnownFileType = file.storyboard; name = Base; path = Base.lproj/LaunchScreen.storyboard; sourceTree = "<group>"; };
		359437DA1D9163AC00D9289F /* Info.plist */ = {isa = PBXFileReference; lastKnownFileType = text.plist.xml; path = Info.plist; sourceTree = "<group>"; };
/* End PBXFileReference section */

/* Begin PBXFrameworksBuildPhase section */
		359437C31D9163AC00D9289F /* Frameworks */ = {
			isa = PBXFrameworksBuildPhase;
			buildActionMask = 2147483647;
			files = (
				3538695F1D91741200CDFAA0 /* MobileCoreServices.framework in Frameworks */,
				3538695D1D91740200CDFAA0 /* Accelerate.framework in Frameworks */,
				3538695B1D9173FB00CDFAA0 /* QuartzCore.framework in Frameworks */,
				353869591D9173EB00CDFAA0 /* CoreText.framework in Frameworks */,
				353869571D9173E400CDFAA0 /* CoreFoundation.framework in Frameworks */,
				353869551D9173DD00CDFAA0 /* UIKit.framework in Frameworks */,
			);
			runOnlyForDeploymentPostprocessing = 0;
		};
/* End PBXFrameworksBuildPhase section */

/* Begin PBXGroup section */
		353868F81D9164F700CDFAA0 /* XLsn0w */ = {
			isa = PBXGroup;
			children = (
				353869491D9166BD00CDFAA0 /* XLsn0wText.podspec */,
				3538692A1D9164F700CDFAA0 /* XLsn0wTextKit.h */,
				3538694B1D9169A000CDFAA0 /* XLsn0wText */,
				3538694E1D9169A000CDFAA0 /* XLsn0wLabel */,
				353868F91D9164F700CDFAA0 /* Component */,
				3538690C1D9164F700CDFAA0 /* String */,
				353869171D9164F700CDFAA0 /* Utility */,
			);
			path = XLsn0w;
			sourceTree = "<group>";
		};
		353868F91D9164F700CDFAA0 /* Component */ = {
			isa = PBXGroup;
			children = (
				353868FA1D9164F700CDFAA0 /* YYTextContainerView.h */,
				353868FB1D9164F700CDFAA0 /* YYTextContainerView.m */,
				353868FC1D9164F700CDFAA0 /* YYTextDebugOption.h */,
				353868FD1D9164F700CDFAA0 /* YYTextDebugOption.m */,
				353868FE1D9164F700CDFAA0 /* YYTextEffectWindow.h */,
				353868FF1D9164F700CDFAA0 /* YYTextEffectWindow.m */,
				353869001D9164F700CDFAA0 /* YYTextInput.h */,
				353869011D9164F700CDFAA0 /* YYTextInput.m */,
				353869021D9164F700CDFAA0 /* YYTextKeyboardManager.h */,
				353869031D9164F700CDFAA0 /* YYTextKeyboardManager.m */,
				353869041D9164F700CDFAA0 /* YYTextLayout.h */,
				353869051D9164F700CDFAA0 /* YYTextLayout.m */,
				353869061D9164F700CDFAA0 /* YYTextLine.h */,
				353869071D9164F700CDFAA0 /* YYTextLine.m */,
				353869081D9164F700CDFAA0 /* YYTextMagnifier.h */,
				353869091D9164F700CDFAA0 /* YYTextMagnifier.m */,
				3538690A1D9164F700CDFAA0 /* YYTextSelectionView.h */,
				3538690B1D9164F700CDFAA0 /* YYTextSelectionView.m */,
			);
			path = Component;
			sourceTree = "<group>";
		};
		3538690C1D9164F700CDFAA0 /* String */ = {
			isa = PBXGroup;
			children = (
				3538690D1D9164F700CDFAA0 /* YYTextArchiver.h */,
				3538690E1D9164F700CDFAA0 /* YYTextArchiver.m */,
				3538690F1D9164F700CDFAA0 /* YYTextAttribute.h */,
				353869101D9164F700CDFAA0 /* YYTextAttribute.m */,
				353869111D9164F700CDFAA0 /* YYTextParser.h */,
				353869121D9164F700CDFAA0 /* YYTextParser.m */,
				353869131D9164F700CDFAA0 /* YYTextRubyAnnotation.h */,
				353869141D9164F700CDFAA0 /* YYTextRubyAnnotation.m */,
				353869151D9164F700CDFAA0 /* YYTextRunDelegate.h */,
				353869161D9164F700CDFAA0 /* YYTextRunDelegate.m */,
			);
			path = String;
			sourceTree = "<group>";
		};
		353869171D9164F700CDFAA0 /* Utility */ = {
			isa = PBXGroup;
			children = (
				353869181D9164F700CDFAA0 /* NSAttributedString+YYText.h */,
				353869191D9164F700CDFAA0 /* NSAttributedString+YYText.m */,
				3538691A1D9164F700CDFAA0 /* NSParagraphStyle+YYText.h */,
				3538691B1D9164F700CDFAA0 /* NSParagraphStyle+YYText.m */,
				3538691C1D9164F700CDFAA0 /* UIPasteboard+YYText.h */,
				3538691D1D9164F700CDFAA0 /* UIPasteboard+YYText.m */,
				3538691E1D9164F700CDFAA0 /* UIView+YYText.h */,
				3538691F1D9164F700CDFAA0 /* UIView+YYText.m */,
				353869201D9164F700CDFAA0 /* YYTextAsyncLayer.h */,
				353869211D9164F700CDFAA0 /* YYTextAsyncLayer.m */,
				353869221D9164F700CDFAA0 /* YYTextTransaction.h */,
				353869231D9164F700CDFAA0 /* YYTextTransaction.m */,
				353869241D9164F700CDFAA0 /* YYTextUtilities.h */,
				353869251D9164F700CDFAA0 /* YYTextUtilities.m */,
				353869261D9164F700CDFAA0 /* YYTextWeakProxy.h */,
				353869271D9164F700CDFAA0 /* YYTextWeakProxy.m */,
			);
			path = Utility;
			sourceTree = "<group>";
		};
		3538694B1D9169A000CDFAA0 /* XLsn0wText */ = {
			isa = PBXGroup;
			children = (
				3538694C1D9169A000CDFAA0 /* XLsn0wText.h */,
				3538694D1D9169A000CDFAA0 /* XLsn0wText.m */,
			);
			path = XLsn0wText;
			sourceTree = "<group>";
		};
		3538694E1D9169A000CDFAA0 /* XLsn0wLabel */ = {
			isa = PBXGroup;
			children = (
				3538694F1D9169A000CDFAA0 /* XLsn0wLabel.h */,
				353869501D9169A000CDFAA0 /* XLsn0wLabel.m */,
			);
			path = XLsn0wLabel;
			sourceTree = "<group>";
		};
		353869531D9173DD00CDFAA0 /* Frameworks */ = {
			isa = PBXGroup;
			children = (
				3538695E1D91741200CDFAA0 /* MobileCoreServices.framework */,
				3538695C1D91740200CDFAA0 /* Accelerate.framework */,
				3538695A1D9173FB00CDFAA0 /* QuartzCore.framework */,
				353869581D9173EB00CDFAA0 /* CoreText.framework */,
				353869561D9173E400CDFAA0 /* CoreFoundation.framework */,
				353869541D9173DD00CDFAA0 /* UIKit.framework */,
			);
			name = Frameworks;
			sourceTree = "<group>";
		};
		359437BD1D9163AC00D9289F = {
			isa = PBXGroup;
			children = (
				353868F81D9164F700CDFAA0 /* XLsn0w */,
				359437C81D9163AC00D9289F /* XLsn0wText */,
				359437C71D9163AC00D9289F /* Products */,
				353869531D9173DD00CDFAA0 /* Frameworks */,
			);
			sourceTree = "<group>";
		};
		359437C71D9163AC00D9289F /* Products */ = {
			isa = PBXGroup;
			children = (
				359437C61D9163AC00D9289F /* XLsn0wText.app */,
			);
			name = Products;
			sourceTree = "<group>";
		};
		359437C81D9163AC00D9289F /* XLsn0wText */ = {
			isa = PBXGroup;
			children = (
				359437CC1D9163AC00D9289F /* AppDelegate.h */,
				359437CD1D9163AC00D9289F /* AppDelegate.m */,
				359437CF1D9163AC00D9289F /* ViewController.h */,
				359437D01D9163AC00D9289F /* ViewController.m */,
				359437D21D9163AC00D9289F /* Main.storyboard */,
				359437D51D9163AC00D9289F /* Assets.xcassets */,
				359437D71D9163AC00D9289F /* LaunchScreen.storyboard */,
				359437DA1D9163AC00D9289F /* Info.plist */,
				359437C91D9163AC00D9289F /* Supporting Files */,
			);
			path = XLsn0wText;
			sourceTree = "<group>";
		};
		359437C91D9163AC00D9289F /* Supporting Files */ = {
			isa = PBXGroup;
			children = (
				359437CA1D9163AC00D9289F /* main.m */,
			);
			name = "Supporting Files";
			sourceTree = "<group>";
		};
/* End PBXGroup section */

/* Begin PBXNativeTarget section */
		359437C51D9163AC00D9289F /* XLsn0wText */ = {
			isa = PBXNativeTarget;
			buildConfigurationList = 359437DD1D9163AC00D9289F /* Build configuration list for PBXNativeTarget "XLsn0wText" */;
			buildPhases = (
				359437C21D9163AC00D9289F /* Sources */,
				359437C31D9163AC00D9289F /* Frameworks */,
				359437C41D9163AC00D9289F /* Resources */,
			);
			buildRules = (
			);
			dependencies = (
			);
			name = XLsn0wText;
			productName = XLsn0wText;
			productReference = 359437C61D9163AC00D9289F /* XLsn0wText.app */;
			productType = "com.apple.product-type.application";
		};
/* End PBXNativeTarget section */

/* Begin PBXProject section */
		359437BE1D9163AC00D9289F /* Project object */ = {
			isa = PBXProject;
			attributes = {
				LastUpgradeCheck = 0800;
				ORGANIZATIONNAME = XLsn0w;
				TargetAttributes = {
					359437C51D9163AC00D9289F = {
						CreatedOnToolsVersion = 8.0;
						ProvisioningStyle = Automatic;
					};
				};
			};
			buildConfigurationList = 359437C11D9163AC00D9289F /* Build configuration list for PBXProject "XLsn0wText" */;
			compatibilityVersion = "Xcode 3.2";
			developmentRegion = English;
			hasScannedForEncodings = 0;
			knownRegions = (
				en,
				Base,
			);
			mainGroup = 359437BD1D9163AC00D9289F;
			productRefGroup = 359437C71D9163AC00D9289F /* Products */;
			projectDirPath = "";
			projectRoot = "";
			targets = (
				359437C51D9163AC00D9289F /* XLsn0wText */,
			);
		};
/* End PBXProject section */

/* Begin PBXResourcesBuildPhase section */
		359437C41D9163AC00D9289F /* Resources */ = {
			isa = PBXResourcesBuildPhase;
			buildActionMask = 2147483647;
			files = (
				3538694A1D9166BD00CDFAA0 /* XLsn0wText.podspec in Resources */,
				359437D91D9163AC00D9289F /* LaunchScreen.storyboard in Resources */,
				359437D61D9163AC00D9289F /* Assets.xcassets in Resources */,
				359437D41D9163AC00D9289F /* Main.storyboard in Resources */,
			);
			runOnlyForDeploymentPostprocessing = 0;
		};
/* End PBXResourcesBuildPhase section */

/* Begin PBXSourcesBuildPhase section */
		359437C21D9163AC00D9289F /* Sources */ = {
			isa = PBXSourcesBuildPhase;
			buildActionMask = 2147483647;
			files = (
				3538693C1D9164F700CDFAA0 /* NSParagraphStyle+YYText.m in Sources */,
				3538693E1D9164F700CDFAA0 /* UIView+YYText.m in Sources */,
				353869321D9164F700CDFAA0 /* YYTextLayout.m in Sources */,
				3538693A1D9164F700CDFAA0 /* YYTextRunDelegate.m in Sources */,
				353869401D9164F700CDFAA0 /* YYTextTransaction.m in Sources */,
				353869371D9164F700CDFAA0 /* YYTextAttribute.m in Sources */,
				353869361D9164F700CDFAA0 /* YYTextArchiver.m in Sources */,
				3538693D1D9164F700CDFAA0 /* UIPasteboard+YYText.m in Sources */,
				353869341D9164F700CDFAA0 /* YYTextMagnifier.m in Sources */,
				3538692E1D9164F700CDFAA0 /* YYTextDebugOption.m in Sources */,
				353869391D9164F700CDFAA0 /* YYTextRubyAnnotation.m in Sources */,
				353869331D9164F700CDFAA0 /* YYTextLine.m in Sources */,
				353869351D9164F700CDFAA0 /* YYTextSelectionView.m in Sources */,
				359437D11D9163AC00D9289F /* ViewController.m in Sources */,
				3538693B1D9164F700CDFAA0 /* NSAttributedString+YYText.m in Sources */,
				353869511D9169A000CDFAA0 /* XLsn0wText.m in Sources */,
				353869411D9164F700CDFAA0 /* YYTextUtilities.m in Sources */,
				3538692D1D9164F700CDFAA0 /* YYTextContainerView.m in Sources */,
				3538693F1D9164F700CDFAA0 /* YYTextAsyncLayer.m in Sources */,
				359437CE1D9163AC00D9289F /* AppDelegate.m in Sources */,
				353869421D9164F700CDFAA0 /* YYTextWeakProxy.m in Sources */,
				353869381D9164F700CDFAA0 /* YYTextParser.m in Sources */,
				359437CB1D9163AC00D9289F /* main.m in Sources */,
				353869521D9169A000CDFAA0 /* XLsn0wLabel.m in Sources */,
				353869311D9164F700CDFAA0 /* YYTextKeyboardManager.m in Sources */,
				3538692F1D9164F700CDFAA0 /* YYTextEffectWindow.m in Sources */,
				353869301D9164F700CDFAA0 /* YYTextInput.m in Sources */,
			);
			runOnlyForDeploymentPostprocessing = 0;
		};
/* End PBXSourcesBuildPhase section */

/* Begin PBXVariantGroup section */
		359437D21D9163AC00D9289F /* Main.storyboard */ = {
			isa = PBXVariantGroup;
			children = (
				359437D31D9163AC00D9289F /* Base */,
			);
			name = Main.storyboard;
			sourceTree = "<group>";
		};
		359437D71D9163AC00D9289F /* LaunchScreen.storyboard */ = {
			isa = PBXVariantGroup;
			children = (
				359437D81D9163AC00D9289F /* Base */,
			);
			name = LaunchScreen.storyboard;
			sourceTree = "<group>";
		};
/* End PBXVariantGroup section */

/* Begin XCBuildConfiguration section */
		359437DB1D9163AC00D9289F /* Debug */ = {
			isa = XCBuildConfiguration;
			buildSettings = {
				ALWAYS_SEARCH_USER_PATHS = NO;
				CLANG_ANALYZER_NONNULL = YES;
				CLANG_CXX_LANGUAGE_STANDARD = "gnu++0x";
				CLANG_CXX_LIBRARY = "libc++";
				CLANG_ENABLE_MODULES = YES;
				CLANG_ENABLE_OBJC_ARC = YES;
				CLANG_WARN_BOOL_CONVERSION = YES;
				CLANG_WARN_CONSTANT_CONVERSION = YES;
				CLANG_WARN_DIRECT_OBJC_ISA_USAGE = YES_ERROR;
				CLANG_WARN_DOCUMENTATION_COMMENTS = YES;
				CLANG_WARN_EMPTY_BODY = YES;
				CLANG_WARN_ENUM_CONVERSION = YES;
				CLANG_WARN_INFINITE_RECURSION = YES;
				CLANG_WARN_INT_CONVERSION = YES;
				CLANG_WARN_OBJC_ROOT_CLASS = YES_ERROR;
				CLANG_WARN_SUSPICIOUS_MOVES = YES;
				CLANG_WARN_UNREACHABLE_CODE = YES;
				CLANG_WARN__DUPLICATE_METHOD_MATCH = YES;
				"CODE_SIGN_IDENTITY[sdk=iphoneos*]" = "iPhone Developer";
				COPY_PHASE_STRIP = NO;
				DEBUG_INFORMATION_FORMAT = dwarf;
				ENABLE_STRICT_OBJC_MSGSEND = YES;
				ENABLE_TESTABILITY = YES;
				GCC_C_LANGUAGE_STANDARD = gnu99;
				GCC_DYNAMIC_NO_PIC = NO;
				GCC_NO_COMMON_BLOCKS = YES;
				GCC_OPTIMIZATION_LEVEL = 0;
				GCC_PREPROCESSOR_DEFINITIONS = (
					"DEBUG=1",
					"$(inherited)",
				);
				GCC_WARN_64_TO_32_BIT_CONVERSION = YES;
				GCC_WARN_ABOUT_RETURN_TYPE = YES_ERROR;
				GCC_WARN_UNDECLARED_SELECTOR = YES;
				GCC_WARN_UNINITIALIZED_AUTOS = YES_AGGRESSIVE;
				GCC_WARN_UNUSED_FUNCTION = YES;
				GCC_WARN_UNUSED_VARIABLE = YES;
				IPHONEOS_DEPLOYMENT_TARGET = 10.0;
				MTL_ENABLE_DEBUG_INFO = YES;
				ONLY_ACTIVE_ARCH = YES;
				SDKROOT = iphoneos;
			};
			name = Debug;
		};
		359437DC1D9163AC00D9289F /* Release */ = {
			isa = XCBuildConfiguration;
			buildSettings = {
				ALWAYS_SEARCH_USER_PATHS = NO;
				CLANG_ANALYZER_NONNULL = YES;
				CLANG_CXX_LANGUAGE_STANDARD = "gnu++0x";
				CLANG_CXX_LIBRARY = "libc++";
				CLANG_ENABLE_MODULES = YES;
				CLANG_ENABLE_OBJC_ARC = YES;
				CLANG_WARN_BOOL_CONVERSION = YES;
				CLANG_WARN_CONSTANT_CONVERSION = YES;
				CLANG_WARN_DIRECT_OBJC_ISA_USAGE = YES_ERROR;
				CLANG_WARN_DOCUMENTATION_COMMENTS = YES;
				CLANG_WARN_EMPTY_BODY = YES;
				CLANG_WARN_ENUM_CONVERSION = YES;
				CLANG_WARN_INFINITE_RECURSION = YES;
				CLANG_WARN_INT_CONVERSION = YES;
				CLANG_WARN_OBJC_ROOT_CLASS = YES_ERROR;
				CLANG_WARN_SUSPICIOUS_MOVES = YES;
				CLANG_WARN_UNREACHABLE_CODE = YES;
				CLANG_WARN__DUPLICATE_METHOD_MATCH = YES;
				"CODE_SIGN_IDENTITY[sdk=iphoneos*]" = "iPhone Developer";
				COPY_PHASE_STRIP = NO;
				DEBUG_INFORMATION_FORMAT = "dwarf-with-dsym";
				ENABLE_NS_ASSERTIONS = NO;
				ENABLE_STRICT_OBJC_MSGSEND = YES;
				GCC_C_LANGUAGE_STANDARD = gnu99;
				GCC_NO_COMMON_BLOCKS = YES;
				GCC_WARN_64_TO_32_BIT_CONVERSION = YES;
				GCC_WARN_ABOUT_RETURN_TYPE = YES_ERROR;
				GCC_WARN_UNDECLARED_SELECTOR = YES;
				GCC_WARN_UNINITIALIZED_AUTOS = YES_AGGRESSIVE;
				GCC_WARN_UNUSED_FUNCTION = YES;
				GCC_WARN_UNUSED_VARIABLE = YES;
				IPHONEOS_DEPLOYMENT_TARGET = 10.0;
				MTL_ENABLE_DEBUG_INFO = NO;
				SDKROOT = iphoneos;
				VALIDATE_PRODUCT = YES;
			};
			name = Release;
		};
		359437DE1D9163AC00D9289F /* Debug */ = {
			isa = XCBuildConfiguration;
			buildSettings = {
				ASSETCATALOG_COMPILER_APPICON_NAME = AppIcon;
				INFOPLIST_FILE = XLsn0wText/Info.plist;
				IPHONEOS_DEPLOYMENT_TARGET = 8.0;
				LD_RUNPATH_SEARCH_PATHS = "$(inherited) @executable_path/Frameworks";
				PRODUCT_BUNDLE_IDENTIFIER = com.xlsn0w.XLsn0wText;
				PRODUCT_NAME = "$(TARGET_NAME)";
			};
			name = Debug;
		};
		359437DF1D9163AC00D9289F /* Release */ = {
			isa = XCBuildConfiguration;
			buildSettings = {
				ASSETCATALOG_COMPILER_APPICON_NAME = AppIcon;
				INFOPLIST_FILE = XLsn0wText/Info.plist;
				IPHONEOS_DEPLOYMENT_TARGET = 8.0;
				LD_RUNPATH_SEARCH_PATHS = "$(inherited) @executable_path/Frameworks";
				PRODUCT_BUNDLE_IDENTIFIER = com.xlsn0w.XLsn0wText;
				PRODUCT_NAME = "$(TARGET_NAME)";
			};
			name = Release;
		};
/* End XCBuildConfiguration section */

/* Begin XCConfigurationList section */
		359437C11D9163AC00D9289F /* Build configuration list for PBXProject "XLsn0wText" */ = {
			isa = XCConfigurationList;
			buildConfigurations = (
				359437DB1D9163AC00D9289F /* Debug */,
				359437DC1D9163AC00D9289F /* Release */,
			);
			defaultConfigurationIsVisible = 0;
			defaultConfigurationName = Release;
		};
		359437DD1D9163AC00D9289F /* Build configuration list for PBXNativeTarget "XLsn0wText" */ = {
			isa = XCConfigurationList;
			buildConfigurations = (
				359437DE1D9163AC00D9289F /* Debug */,
				359437DF1D9163AC00D9289F /* Release */,
			);
			defaultConfigurationIsVisible = 0;
			defaultConfigurationName = Release;
		};
/* End XCConfigurationList section */
	};
	rootObject = 359437BE1D9163AC00D9289F /* Project object */;
}
